dependencies:
  idf:
    source:
      type: idf
    version: 6.0.1
  joltwallet/littlefs:
    component_hash: 3af20a3d75c49db9dc2286fd50862c34055c9f578419ad1f2bf7ed3ed01391fe
    dependencies:
    - name: idf
      require: private
      version: '>=5.0'
    source:
      registry_url: https://components.espressif.com/
      type: service
    version: 1.22.3
direct_dependencies:
- joltwallet/littlefs
manifest_hash: 2c3c6bcb34264f60e4fda2fe8d8f45efc982ff3d2ba2aed74803128d1b38aa49
target: esp32s3
version: 2.0.0
